// !$*UTF8*$!
{
	archiveVersion = 1;
	classes = {
	};
	objectVersion = 55;
	objects = {

/* Begin PBXBuildFile section */
		C71501D72858F8970093871B /* AppDelegate.swift in Sources */ = {isa = PBXBuildFile; fileRef = C71501D62858F8970093871B /* AppDelegate.swift */; };
		C71501D92858F8970093871B /* SceneDelegate.swift in Sources */ = {isa = PBXBuildFile; fileRef = C71501D82858F8970093871B /* SceneDelegate.swift */; };
		C71501DB2858F8970093871B /* ViewController.swift in Sources */ = {isa = PBXBuildFile; fileRef = C71501DA2858F8970093871B /* ViewController.swift */; };
		C71501DE2858F8970093871B /* Main.storyboard in Resources */ = {isa = PBXBuildFile; fileRef = C71501DC2858F8970093871B /* Main.storyboard */; };
		C71501E12858F8970093871B /* git.xcdatamodeld in Sources */ = {isa = PBXBuildFile; fileRef = C71501DF2858F8970093871B /* git.xcdatamodeld */; };
		C71501E32858F8990093871B /* Assets.xcassets in Resources */ = {isa = PBXBuildFile; fileRef = C71501E22858F8990093871B /* Assets.xcassets */; };
		C71501E62858F8990093871B /* LaunchScreen.storyboard in Resources */ = {isa = PBXBuildFile; fileRef = C71501E42858F8990093871B /* LaunchScreen.storyboard */; };
		C71501F12858F8990093871B /* gitTests.swift in Sources */ = {isa = PBXBuildFile; fileRef = C71501F02858F8990093871B /* gitTests.swift */; };
		C71501FB2858F8990093871B /* gitUITests.swift in Sources */ = {isa = PBXBuildFile; fileRef = C71501FA2858F8990093871B /* gitUITests.swift */; };
		C71501FD2858F8990093871B /* gitUITestsLaunchTests.swift in Sources */ = {isa = PBXBuildFile; fileRef = C71501FC2858F8990093871B /* gitUITestsLaunchTests.swift */; };
/* End PBXBuildFile section */

/* Begin PBXContainerItemProxy section */
		C71501ED2858F8990093871B /* PBXContainerItemProxy */ = {
			isa = PBXContainerItemProxy;
			containerPortal = C71501CB2858F8970093871B /* Project object */;
			proxyType = 1;
			remoteGlobalIDString = C71501D22858F8970093871B;
			remoteInfo = git;
		};
		C71501F72858F8990093871B /* PBXContainerItemProxy */ = {
			isa = PBXContainerItemProxy;
			containerPortal = C71501CB2858F8970093871B /* Project object */;
			proxyType = 1;
			remoteGlobalIDString = C71501D22858F8970093871B;
			remoteInfo = git;
		};
/* End PBXContainerItemProxy section */

/* Begin PBXFileReference section */
		C71501D32858F8970093871B /* git.app */ = {isa = PBXFileReference; explicitFileType = wrapper.application; includeInIndex = 0; path = git.app; sourceTree = BUILT_PRODUCTS_DIR; };
		C71501D62858F8970093871B /* AppDelegate.swift */ = {isa = PBXFileReference; lastKnownFileType = sourcecode.swift; path = AppDelegate.swift; sourceTree = "<group>"; };
		C71501D82858F8970093871B /* SceneDelegate.swift */ = {isa = PBXFileReference; lastKnownFileType = sourcecode.swift; path = SceneDelegate.swift; sourceTree = "<group>"; };
		C71501DA2858F8970093871B /* ViewController.swift */ = {isa = PBXFileReference; lastKnownFileType = sourcecode.swift; path = ViewController.swift; sourceTree = "<group>"; };
		C71501DD2858F8970093871B /* Base */ = {isa = PBXFileReference; lastKnownFileType = file.storyboard; name = Base; path = Base.lproj/Main.storyboard; sourceTree = "<group>"; };
		C71501E02858F8970093871B /* git.xcdatamodel */ = {isa = PBXFileReference; lastKnownFileType = wrapper.xcdatamodel; path = git.xcdatamodel; sourceTree = "<group>"; };
		C71501E22858F8990093871B /* Assets.xcassets */ = {isa = PBXFileReference; lastKnownFileType = folder.assetcatalog; path = Assets.xcassets; sourceTree = "<group>"; };
		C71501E52858F8990093871B /* Base */ = {isa = PBXFileReference; lastKnownFileType = file.storyboard; name = Base; path = Base.lproj/LaunchScreen.storyboard; sourceTree = "<group>"; };
		C71501E72858F8990093871B /* Info.plist */ = {isa = PBXFileReference; lastKnownFileType = text.plist.xml; path = Info.plist; sourceTree = "<group>"; };
		C71501EC2858F8990093871B /* gitTests.xctest */ = {isa = PBXFileReference; explicitFileType = wrapper.cfbundle; includeInIndex = 0; path = gitTests.xctest; sourceTree = BUILT_PRODUCTS_DIR; };
		C71501F02858F8990093871B /* gitTests.swift */ = {isa = PBXFileReference; lastKnownFileType = sourcecode.swift; path = gitTests.swift; sourceTree = "<group>"; };
		C71501F62858F8990093871B /* gitUITests.xctest */ = {isa = PBXFileReference; explicitFileType = wrapper.cfbundle; includeInIndex = 0; path = gitUITests.xctest; sourceTree = BUILT_PRODUCTS_DIR; };
		C71501FA2858F8990093871B /* gitUITests.swift */ = {isa = PBXFileReference; lastKnownFileType = sourcecode.swift; path = gitUITests.swift; sourceTree = "<group>"; };
		C71501FC2858F8990093871B /* gitUITestsLaunchTests.swift */ = {isa = PBXFileReference; lastKnownFileType = sourcecode.swift; path = gitUITestsLaunchTests.swift; sourceTree = "<group>"; };
/* End PBXFileReference section */

/* Begin PBXFrameworksBuildPhase section */
		C71501D02858F8970093871B /* Frameworks */ = {
			isa = PBXFrameworksBuildPhase;
			buildActionMask = 2147483647;
			files = (
			);
			runOnlyForDeploymentPostprocessing = 0;
		};
		C71501E92858F8990093871B /* Frameworks */ = {
			isa = PBXFrameworksBuildPhase;
			buildActionMask = 2147483647;
			files = (
			);
			runOnlyForDeploymentPostprocessing = 0;
		};
		C71501F32858F8990093871B /* Frameworks */ = {
			isa = PBXFrameworksBuildPhase;
			buildActionMask = 2147483647;
			files = (
			);
			runOnlyForDeploymentPostprocessing = 0;
		};
/* End PBXFrameworksBuildPhase section */

/* Begin PBXGroup section */
		C71501CA2858F8970093871B = {
			isa = PBXGroup;
			children = (
				C71501D52858F8970093871B /* git */,
				C71501EF2858F8990093871B /* gitTests */,
				C71501F92858F8990093871B /* gitUITests */,
				C71501D42858F8970093871B /* Products */,
			);
			sourceTree = "<group>";
		};
		C71501D42858F8970093871B /* Products */ = {
			isa = PBXGroup;
			children = (
				C71501D32858F8970093871B /* git.app */,
				C71501EC2858F8990093871B /* gitTests.xctest */,
				C71501F62858F8990093871B /* gitUITests.xctest */,
			);
			name = Products;
			sourceTree = "<group>";
		};
		C71501D52858F8970093871B /* git */ = {
			isa = PBXGroup;
			children = (
				C71501D62858F8970093871B /* AppDelegate.swift */,
				C71501D82858F8970093871B /* SceneDelegate.swift */,
				C71501DA2858F8970093871B /* ViewController.swift */,
				C71501DC2858F8970093871B /* Main.storyboard */,
				C71501E22858F8990093871B /* Assets.xcassets */,
				C71501E42858F8990093871B /* LaunchScreen.storyboard */,
				C71501E72858F8990093871B /* Info.plist */,
				C71501DF2858F8970093871B /* git.xcdatamodeld */,
			);
			path = git;
			sourceTree = "<group>";
		};
		C71501EF2858F8990093871B /* gitTests */ = {
			isa = PBXGroup;
			children = (
				C71501F02858F8990093871B /* gitTests.swift */,
			);
			path = gitTests;
			sourceTree = "<group>";
		};
		C71501F92858F8990093871B /* gitUITests */ = {
			isa = PBXGroup;
			children = (
				C71501FA2858F8990093871B /* gitUITests.swift */,
				C71501FC2858F8990093871B /* gitUITestsLaunchTests.swift */,
			);
			path = gitUITests;
			sourceTree = "<group>";
		};
/* End PBXGroup section */

/* Begin PBXNativeTarget section */
		C71501D22858F8970093871B /* git */ = {
			isa = PBXNativeTarget;
			buildConfigurationList = C71502002858F8990093871B /* Build configuration list for PBXNativeTarget "git" */;
			buildPhases = (
				C71501CF2858F8970093871B /* Sources */,
				C71501D02858F8970093871B /* Frameworks */,
				C71501D12858F8970093871B /* Resources */,
			);
			buildRules = (
			);
			dependencies = (
			);
			name = git;
			productName = git;
			productReference = C71501D32858F8970093871B /* git.app */;
			productType = "com.apple.product-type.application";
		};
		C71501EB2858F8990093871B /* gitTests */ = {
			isa = PBXNativeTarget;
			buildConfigurationList = C71502032858F8990093871B /* Build configuration list for PBXNativeTarget "gitTests" */;
			buildPhases = (
				C71501E82858F8990093871B /* Sources */,
				C71501E92858F8990093871B /* Frameworks */,
				C71501EA2858F8990093871B /* Resources */,
			);
			buildRules = (
			);
			dependencies = (
				C71501EE2858F8990093871B /* PBXTargetDependency */,
			);
			name = gitTests;
			productName = gitTests;
			productReference = C71501EC2858F8990093871B /* gitTests.xctest */;
			productType = "com.apple.product-type.bundle.unit-test";
		};
		C71501F52858F8990093871B /* gitUITests */ = {
			isa = PBXNativeTarget;
			buildConfigurationList = C71502062858F8990093871B /* Build configuration list for PBXNativeTarget "gitUITests" */;
			buildPhases = (
				C71501F22858F8990093871B /* Sources */,
				C71501F32858F8990093871B /* Frameworks */,
				C71501F42858F8990093871B /* Resources */,
			);
			buildRules = (
			);
			dependencies = (
				C71501F82858F8990093871B /* PBXTargetDependency */,
			);
			name = gitUITests;
			productName = gitUITests;
			productReference = C71501F62858F8990093871B /* gitUITests.xctest */;
			productType = "com.apple.product-type.bundle.ui-testing";
		};
/* End PBXNativeTarget section */

/* Begin PBXProject section */
		C71501CB2858F8970093871B /* Project object */ = {
			isa = PBXProject;
			attributes = {
				BuildIndependentTargetsInParallel = 1;
				LastSwiftUpdateCheck = 1340;
				LastUpgradeCheck = 1340;
				TargetAttributes = {
					C71501D22858F8970093871B = {
						CreatedOnToolsVersion = 13.4;
					};
					C71501EB2858F8990093871B = {
						CreatedOnToolsVersion = 13.4;
						TestTargetID = C71501D22858F8970093871B;
					};
					C71501F52858F8990093871B = {
						CreatedOnToolsVersion = 13.4;
						TestTargetID = C71501D22858F8970093871B;
					};
				};
			};
			buildConfigurationList = C71501CE2858F8970093871B /* Build configuration list for PBXProject "git" */;
			compatibilityVersion = "Xcode 13.0";
			developmentRegion = en;
			hasScannedForEncodings = 0;
			knownRegions = (
				en,
				Base,
			);
			mainGroup = C71501CA2858F8970093871B;
			productRefGroup = C71501D42858F8970093871B /* Products */;
			projectDirPath = "";
			projectRoot = "";
			targets = (
				C71501D22858F8970093871B /* git */,
				C71501EB2858F8990093871B /* gitTests */,
				C71501F52858F8990093871B /* gitUITests */,
			);
		};
/* End PBXProject section */

/* Begin PBXResourcesBuildPhase section */
		C71501D12858F8970093871B /* Resources */ = {
			isa = PBXResourcesBuildPhase;
			buildActionMask = 2147483647;
			files = (
				C71501E62858F8990093871B /* LaunchScreen.storyboard in Resources */,
				C71501E32858F8990093871B /* Assets.xcassets in Resources */,
				C71501DE2858F8970093871B /* Main.storyboard in Resources */,
			);
			runOnlyForDeploymentPostprocessing = 0;
		};
		C71501EA2858F8990093871B /* Resources */ = {
			isa = PBXResourcesBuildPhase;
			buildActionMask = 2147483647;
			files = (
			);
			runOnlyForDeploymentPostprocessing = 0;
		};
		C71501F42858F8990093871B /* Resources */ = {
			isa = PBXResourcesBuildPhase;
			buildActionMask = 2147483647;
			files = (
			);
			runOnlyForDeploymentPostprocessing = 0;
		};
/* End PBXResourcesBuildPhase section */

/* Begin PBXSourcesBuildPhase section */
		C71501CF2858F8970093871B /* Sources */ = {
			isa = PBXSourcesBuildPhase;
			buildActionMask = 2147483647;
			files = (
				C71501E12858F8970093871B /* git.xcdatamodeld in Sources */,
				C71501DB2858F8970093871B /* ViewController.swift in Sources */,
				C71501D72858F8970093871B /* AppDelegate.swift in Sources */,
				C71501D92858F8970093871B /* SceneDelegate.swift in Sources */,
			);
			runOnlyForDeploymentPostprocessing = 0;
		};
		C71501E82858F8990093871B /* Sources */ = {
			isa = PBXSourcesBuildPhase;
			buildActionMask = 2147483647;
			files = (
				C71501F12858F8990093871B /* gitTests.swift in Sources */,
			);
			runOnlyForDeploymentPostprocessing = 0;
		};
		C71501F22858F8990093871B /* Sources */ = {
			isa = PBXSourcesBuildPhase;
			buildActionMask = 2147483647;
			files = (
				C71501FB2858F8990093871B /* gitUITests.swift in Sources */,
				C71501FD2858F8990093871B /* gitUITestsLaunchTests.swift in Sources */,
			);
			runOnlyForDeploymentPostprocessing = 0;
		};
/* End PBXSourcesBuildPhase section */

/* Begin PBXTargetDependency section */
		C71501EE2858F8990093871B /* PBXTargetDependency */ = {
			isa = PBXTargetDependency;
			target = C71501D22858F8970093871B /* git */;
			targetProxy = C71501ED2858F8990093871B /* PBXContainerItemProxy */;
		};
		C71501F82858F8990093871B /* PBXTargetDependency */ = {
			isa = PBXTargetDependency;
			target = C71501D22858F8970093871B /* git */;
			targetProxy = C71501F72858F8990093871B /* PBXContainerItemProxy */;
		};
/* End PBXTargetDependency section */

/* Begin PBXVariantGroup section */
		C71501DC2858F8970093871B /* Main.storyboard */ = {
			isa = PBXVariantGroup;
			children = (
				C71501DD2858F8970093871B /* Base */,
			);
			name = Main.storyboard;
			sourceTree = "<group>";
		};
		C71501E42858F8990093871B /* LaunchScreen.storyboard */ = {
			isa = PBXVariantGroup;
			children = (
				C71501E52858F8990093871B /* Base */,
			);
			name = LaunchScreen.storyboard;
			sourceTree = "<group>";
		};
/* End PBXVariantGroup section */

/* Begin XCBuildConfiguration section */
		C71501FE2858F8990093871B /* Debug */ = {
			isa = XCBuildConfiguration;
			buildSettings = {
				ALWAYS_SEARCH_USER_PATHS = NO;
				CLANG_ANALYZER_NONNULL = YES;
				CLANG_ANALYZER_NUMBER_OBJECT_CONVERSION = YES_AGGRESSIVE;
				CLANG_CXX_LANGUAGE_STANDARD = "gnu++17";
				CLANG_ENABLE_MODULES = YES;
				CLANG_ENABLE_OBJC_ARC = YES;
				CLANG_ENABLE_OBJC_WEAK = YES;
				CLANG_WARN_BLOCK_CAPTURE_AUTORELEASING = YES;
				CLANG_WARN_BOOL_CONVERSION = YES;
				CLANG_WARN_COMMA = YES;
				CLANG_WARN_CONSTANT_CONVERSION = YES;
				CLANG_WARN_DEPRECATED_OBJC_IMPLEMENTATIONS = YES;
				CLANG_WARN_DIRECT_OBJC_ISA_USAGE = YES_ERROR;
				CLANG_WARN_DOCUMENTATION_COMMENTS = YES;
				CLANG_WARN_EMPTY_BODY = YES;
				CLANG_WARN_ENUM_CONVERSION = YES;
				CLANG_WARN_INFINITE_RECURSION = YES;
				CLANG_WARN_INT_CONVERSION = YES;
				CLANG_WARN_NON_LITERAL_NULL_CONVERSION = YES;
				CLANG_WARN_OBJC_IMPLICIT_RETAIN_SELF = YES;
				CLANG_WARN_OBJC_LITERAL_CONVERSION = YES;
				CLANG_WARN_OBJC_ROOT_CLASS = YES_ERROR;
				CLANG_WARN_QUOTED_INCLUDE_IN_FRAMEWORK_HEADER = YES;
				CLANG_WARN_RANGE_LOOP_ANALYSIS = YES;
				CLANG_WARN_STRICT_PROTOTYPES = YES;
				CLANG_WARN_SUSPICIOUS_MOVE = YES;
				CLANG_WARN_UNGUARDED_AVAILABILITY = YES_AGGRESSIVE;
				CLANG_WARN_UNREACHABLE_CODE = YES;
				CLANG_WARN__DUPLICATE_METHOD_MATCH = YES;
				COPY_PHASE_STRIP = NO;
				DEBUG_INFORMATION_FORMAT = dwarf;
				ENABLE_STRICT_OBJC_MSGSEND = YES;
				ENABLE_TESTABILITY = YES;
				GCC_C_LANGUAGE_STANDARD = gnu11;
				GCC_DYNAMIC_NO_PIC = NO;
				GCC_NO_COMMON_BLOCKS = YES;
				GCC_OPTIMIZATION_LEVEL = 0;
				GCC_PREPROCESSOR_DEFINITIONS = (
					"DEBUG=1",
					"$(inherited)",
				);
				GCC_WARN_64_TO_32_BIT_CONVERSION = YES;
				GCC_WARN_ABOUT_RETURN_TYPE = YES_ERROR;
				GCC_WARN_UNDECLARED_SELECTOR = YES;
				GCC_WARN_UNINITIALIZED_AUTOS = YES_AGGRESSIVE;
				GCC_WARN_UNUSED_FUNCTION = YES;
				GCC_WARN_UNUSED_VARIABLE = YES;
				IPHONEOS_DEPLOYMENT_TARGET = 15.5;
				MTL_ENABLE_DEBUG_INFO = INCLUDE_SOURCE;
				MTL_FAST_MATH = YES;
				ONLY_ACTIVE_ARCH = YES;
				SDKROOT = iphoneos;
				SWIFT_ACTIVE_COMPILATION_CONDITIONS = DEBUG;
				SWIFT_OPTIMIZATION_LEVEL = "-Onone";
			};
			name = Debug;
		};
		C71501FF2858F8990093871B /* Release */ = {
			isa = XCBuildConfiguration;
			buildSettings = {
				ALWAYS_SEARCH_USER_PATHS = NO;
				CLANG_ANALYZER_NONNULL = YES;
				CLANG_ANALYZER_NUMBER_OBJECT_CONVERSION = YES_AGGRESSIVE;
				CLANG_CXX_LANGUAGE_STANDARD = "gnu++17";
				CLANG_ENABLE_MODULES = YES;
				CLANG_ENABLE_OBJC_ARC = YES;
				CLANG_ENABLE_OBJC_WEAK = YES;
				CLANG_WARN_BLOCK_CAPTURE_AUTORELEASING = YES;
				CLANG_WARN_BOOL_CONVERSION = YES;
				CLANG_WARN_COMMA = YES;
				CLANG_WARN_CONSTANT_CONVERSION = YES;
				CLANG_WARN_DEPRECATED_OBJC_IMPLEMENTATIONS = YES;
				CLANG_WARN_DIRECT_OBJC_ISA_USAGE = YES_ERROR;
				CLANG_WARN_DOCUMENTATION_COMMENTS = YES;
				CLANG_WARN_EMPTY_BODY = YES;
				CLANG_WARN_ENUM_CONVERSION = YES;
				CLANG_WARN_INFINITE_RECURSION = YES;
				CLANG_WARN_INT_CONVERSION = YES;
				CLANG_WARN_NON_LITERAL_NULL_CONVERSION = YES;
				CLANG_WARN_OBJC_IMPLICIT_RETAIN_SELF = YES;
				CLANG_WARN_OBJC_LITERAL_CONVERSION = YES;
				CLANG_WARN_OBJC_ROOT_CLASS = YES_ERROR;
				CLANG_WARN_QUOTED_INCLUDE_IN_FRAMEWORK_HEADER = YES;
				CLANG_WARN_RANGE_LOOP_ANALYSIS = YES;
				CLANG_WARN_STRICT_PROTOTYPES = YES;
				CLANG_WARN_SUSPICIOUS_MOVE = YES;
				CLANG_WARN_UNGUARDED_AVAILABILITY = YES_AGGRESSIVE;
				CLANG_WARN_UNREACHABLE_CODE = YES;
				CLANG_WARN__DUPLICATE_METHOD_MATCH = YES;
				COPY_PHASE_STRIP = NO;
				DEBUG_INFORMATION_FORMAT = "dwarf-with-dsym";
				ENABLE_NS_ASSERTIONS = NO;
				ENABLE_STRICT_OBJC_MSGSEND = YES;
				GCC_C_LANGUAGE_STANDARD = gnu11;
				GCC_NO_COMMON_BLOCKS = YES;
				GCC_WARN_64_TO_32_BIT_CONVERSION = YES;
				GCC_WARN_ABOUT_RETURN_TYPE = YES_ERROR;
				GCC_WARN_UNDECLARED_SELECTOR = YES;
				GCC_WARN_UNINITIALIZED_AUTOS = YES_AGGRESSIVE;
				GCC_WARN_UNUSED_FUNCTION = YES;
				GCC_WARN_UNUSED_VARIABLE = YES;
				IPHONEOS_DEPLOYMENT_TARGET = 15.5;
				MTL_ENABLE_DEBUG_INFO = NO;
				MTL_FAST_MATH = YES;
				SDKROOT = iphoneos;
				SWIFT_COMPILATION_MODE = wholemodule;
				SWIFT_OPTIMIZATION_LEVEL = "-O";
				VALIDATE_PRODUCT = YES;
			};
			name = Release;
		};
		C71502012858F8990093871B /* Debug */ = {
			isa = XCBuildConfiguration;
			buildSettings = {
				ASSETCATALOG_COMPILER_APPICON_NAME = AppIcon;
				ASSETCATALOG_COMPILER_GLOBAL_ACCENT_COLOR_NAME = AccentColor;
				CODE_SIGN_STYLE = Automatic;
				CURRENT_PROJECT_VERSION = 1;
				GENERATE_INFOPLIST_FILE = YES;
				INFOPLIST_FILE = git/Info.plist;
				INFOPLIST_KEY_UIApplicationSupportsIndirectInputEvents = YES;
				INFOPLIST_KEY_UILaunchStoryboardName = LaunchScreen;
				INFOPLIST_KEY_UIMainStoryboardFile = Main;
				INFOPLIST_KEY_UISupportedInterfaceOrientations_iPad = "UIInterfaceOrientationPortrait UIInterfaceOrientationPortraitUpsideDown UIInterfaceOrientationLandscapeLeft UIInterfaceOrientationLandscapeRight";
				INFOPLIST_KEY_UISupportedInterfaceOrientations_iPhone = "UIInterfaceOrientationPortrait UIInterfaceOrientationLandscapeLeft UIInterfaceOrientationLandscapeRight";
				LD_RUNPATH_SEARCH_PATHS = (
					"$(inherited)",
					"@executable_path/Frameworks",
				);
				MARKETING_VERSION = 1.0;
				PRODUCT_BUNDLE_IDENTIFIER = Anshika.git;
				PRODUCT_NAME = "$(TARGET_NAME)";
				SWIFT_EMIT_LOC_STRINGS = YES;
				SWIFT_VERSION = 5.0;
				TARGETED_DEVICE_FAMILY = "1,2";
			};
			name = Debug;
		};
		C71502022858F8990093871B /* Release */ = {
			isa = XCBuildConfiguration;
			buildSettings = {
				ASSETCATALOG_COMPILER_APPICON_NAME = AppIcon;
				ASSETCATALOG_COMPILER_GLOBAL_ACCENT_COLOR_NAME = AccentColor;
				CODE_SIGN_STYLE = Automatic;
				CURRENT_PROJECT_VERSION = 1;
				GENERATE_INFOPLIST_FILE = YES;
				INFOPLIST_FILE = git/Info.plist;
				INFOPLIST_KEY_UIApplicationSupportsIndirectInputEvents = YES;
				INFOPLIST_KEY_UILaunchStoryboardName = LaunchScreen;
				INFOPLIST_KEY_UIMainStoryboardFile = Main;
				INFOPLIST_KEY_UISupportedInterfaceOrientations_iPad = "UIInterfaceOrientationPortrait UIInterfaceOrientationPortraitUpsideDown UIInterfaceOrientationLandscapeLeft UIInterfaceOrientationLandscapeRight";
				INFOPLIST_KEY_UISupportedInterfaceOrientations_iPhone = "UIInterfaceOrientationPortrait UIInterfaceOrientationLandscapeLeft UIInterfaceOrientationLandscapeRight";
				LD_RUNPATH_SEARCH_PATHS = (
					"$(inherited)",
					"@executable_path/Frameworks",
				);
				MARKETING_VERSION = 1.0;
				PRODUCT_BUNDLE_IDENTIFIER = Anshika.git;
				PRODUCT_NAME = "$(TARGET_NAME)";
				SWIFT_EMIT_LOC_STRINGS = YES;
				SWIFT_VERSION = 5.0;
				TARGETED_DEVICE_FAMILY = "1,2";
			};
			name = Release;
		};
		C71502042858F8990093871B /* Debug */ = {
			isa = XCBuildConfiguration;
			buildSettings = {
				ALWAYS_EMBED_SWIFT_STANDARD_LIBRARIES = YES;
				BUNDLE_LOADER = "$(TEST_HOST)";
				CODE_SIGN_STYLE = Automatic;
				CURRENT_PROJECT_VERSION = 1;
				GENERATE_INFOPLIST_FILE = YES;
				IPHONEOS_DEPLOYMENT_TARGET = 15.5;
				MARKETING_VERSION = 1.0;
				PRODUCT_BUNDLE_IDENTIFIER = Anshika.gitTests;
				PRODUCT_NAME = "$(TARGET_NAME)";
				SWIFT_EMIT_LOC_STRINGS = NO;
				SWIFT_VERSION = 5.0;
				TARGETED_DEVICE_FAMILY = "1,2";
				TEST_HOST = "$(BUILT_PRODUCTS_DIR)/git.app/git";
			};
			name = Debug;
		};
		C71502052858F8990093871B /* Release */ = {
			isa = XCBuildConfiguration;
			buildSettings = {
				ALWAYS_EMBED_SWIFT_STANDARD_LIBRARIES = YES;
				BUNDLE_LOADER = "$(TEST_HOST)";
				CODE_SIGN_STYLE = Automatic;
				CURRENT_PROJECT_VERSION = 1;
				GENERATE_INFOPLIST_FILE = YES;
				IPHONEOS_DEPLOYMENT_TARGET = 15.5;
				MARKETING_VERSION = 1.0;
				PRODUCT_BUNDLE_IDENTIFIER = Anshika.gitTests;
				PRODUCT_NAME = "$(TARGET_NAME)";
				SWIFT_EMIT_LOC_STRINGS = NO;
				SWIFT_VERSION = 5.0;
				TARGETED_DEVICE_FAMILY = "1,2";
				TEST_HOST = "$(BUILT_PRODUCTS_DIR)/git.app/git";
			};
			name = Release;
		};
		C71502072858F8990093871B /* Debug */ = {
			isa = XCBuildConfiguration;
			buildSettings = {
				ALWAYS_EMBED_SWIFT_STANDARD_LIBRARIES = YES;
				CODE_SIGN_STYLE = Automatic;
				CURRENT_PROJECT_VERSION = 1;
				GENERATE_INFOPLIST_FILE = YES;
				MARKETING_VERSION = 1.0;
				PRODUCT_BUNDLE_IDENTIFIER = Anshika.gitUITests;
				PRODUCT_NAME = "$(TARGET_NAME)";
				SWIFT_EMIT_LOC_STRINGS = NO;
				SWIFT_VERSION = 5.0;
				TARGETED_DEVICE_FAMILY = "1,2";
				TEST_TARGET_NAME = git;
			};
			name = Debug;
		};
		C71502082858F8990093871B /* Release */ = {
			isa = XCBuildConfiguration;
			buildSettings = {
				ALWAYS_EMBED_SWIFT_STANDARD_LIBRARIES = YES;
				CODE_SIGN_STYLE = Automatic;
				CURRENT_PROJECT_VERSION = 1;
				GENERATE_INFOPLIST_FILE = YES;
				MARKETING_VERSION = 1.0;
				PRODUCT_BUNDLE_IDENTIFIER = Anshika.gitUITests;
				PRODUCT_NAME = "$(TARGET_NAME)";
				SWIFT_EMIT_LOC_STRINGS = NO;
				SWIFT_VERSION = 5.0;
				TARGETED_DEVICE_FAMILY = "1,2";
				TEST_TARGET_NAME = git;
			};
			name = Release;
		};
/* End XCBuildConfiguration section */

/* Begin XCConfigurationList section */
		C71501CE2858F8970093871B /* Build configuration list for PBXProject "git" */ = {
			isa = XCConfigurationList;
			buildConfigurations = (
				C71501FE2858F8990093871B /* Debug */,
				C71501FF2858F8990093871B /* Release */,
			);
			defaultConfigurationIsVisible = 0;
			defaultConfigurationName = Release;
		};
		C71502002858F8990093871B /* Build configuration list for PBXNativeTarget "git" */ = {
			isa = XCConfigurationList;
			buildConfigurations = (
				C71502012858F8990093871B /* Debug */,
				C71502022858F8990093871B /* Release */,
			);
			defaultConfigurationIsVisible = 0;
			defaultConfigurationName = Release;
		};
		C71502032858F8990093871B /* Build configuration list for PBXNativeTarget "gitTests" */ = {
			isa = XCConfigurationList;
			buildConfigurations = (
				C71502042858F8990093871B /* Debug */,
				C71502052858F8990093871B /* Release */,
			);
			defaultConfigurationIsVisible = 0;
			defaultConfigurationName = Release;
		};
		C71502062858F8990093871B /* Build configuration list for PBXNativeTarget "gitUITests" */ = {
			isa = XCConfigurationList;
			buildConfigurations = (
				C71502072858F8990093871B /* Debug */,
				C71502082858F8990093871B /* Release */,
			);
			defaultConfigurationIsVisible = 0;
			defaultConfigurationName = Release;
		};
/* End XCConfigurationList section */

/* Begin XCVersionGroup section */
		C71501DF2858F8970093871B /* git.xcdatamodeld */ = {
			isa = XCVersionGroup;
			children = (
				C71501E02858F8970093871B /* git.xcdatamodel */,
			);
			currentVersion = C71501E02858F8970093871B /* git.xcdatamodel */;
			path = git.xcdatamodeld;
			sourceTree = "<group>";
			versionGroupType = wrapper.xcdatamodel;
		};
/* End XCVersionGroup section */
	};
	rootObject = C71501CB2858F8970093871B /* Project object */;
}
